
Microsoft Visual Studio Solution File, Format Version 12.00
# Visual Studio Version 17
VisualStudioVersion = 17.8.34330.188
MinimumVisualStudioVersion = 10.0.40219.1
Project("{FAE04EC0-301F-11D3-BF4B-00C04F79EFBC}") = "ConnexionDb", "ConnexionDb\ConnexionDb.csproj", "{ED092709-227B-43E7-81E4-66F8B8251314}"
EndProject
Global
	GlobalSection(SolutionConfigurationPlatforms) = preSolution
		Debug|Any CPU = Debug|Any CPU
		Release|Any CPU = Release|Any CPU
	EndGlobalSection
	GlobalSection(ProjectConfigurationPlatforms) = postSolution
		{ED092709-227B-43E7-81E4-66F8B8251314}.Debug|Any CPU.ActiveCfg = Debug|Any CPU
		{ED092709-227B-43E7-81E4-66F8B8251314}.Debug|Any CPU.Build.0 = Debug|Any CPU
		{ED092709-227B-43E7-81E4-66F8B8251314}.Release|Any CPU.ActiveCfg = Release|Any CPU
		{ED092709-227B-43E7-81E4-66F8B8251314}.Release|Any CPU.Build.0 = Release|Any CPU
	EndGlobalSection
	GlobalSection(SolutionProperties) = preSolution
		HideSolutionNode = FALSE
	EndGlobalSection
	GlobalSection(ExtensibilityGlobals) = postSolution
		SolutionGuid = {0CD709FA-764F-4FC6-A343-C581A62A7FC0}
	EndGlobalSection
EndGlobal
